
Microsoft Visual Studio Solution File, Format Version 12.00
# Visual Studio 15
VisualStudioVersion = 15.0.27130.2036
MinimumVisualStudioVersion = 10.0.40219.1
Project("{FAE04EC0-301F-11D3-BF4B-00C04F79EFBC}") = "CTS", "CTS\CTS.csproj", "{15001399-8462-47B8-829A-902E9E956380}"
EndProject
Global
	GlobalSection(SolutionConfigurationPlatforms) = preSolution
		Debug|Any CPU = Debug|Any CPU
		Release|Any CPU = Release|Any CPU
	EndGlobalSection
	GlobalSection(ProjectConfigurationPlatforms) = postSolution
		{15001399-8462-47B8-829A-902E9E956380}.Debug|Any CPU.ActiveCfg = Debug|Any CPU
		{15001399-8462-47B8-829A-902E9E956380}.Debug|Any CPU.Build.0 = Debug|Any CPU
		{15001399-8462-47B8-829A-902E9E956380}.Release|Any CPU.ActiveCfg = Release|Any CPU
		{15001399-8462-47B8-829A-902E9E956380}.Release|Any CPU.Build.0 = Release|Any CPU
	EndGlobalSection
	GlobalSection(SolutionProperties) = preSolution
		HideSolutionNode = FALSE
	EndGlobalSection
	GlobalSection(ExtensibilityGlobals) = postSolution
		SolutionGuid = {BD3CD2A5-ACBD-46EC-915E-ACDECD39A319}
	EndGlobalSection
EndGlobal
